
Microsoft Visual Studio Solution File, Format Version 12.00
# Visual Studio 14
VisualStudioVersion = 14.0.25420.1
MinimumVisualStudioVersion = 10.0.40219.1
Project("{FAE04EC0-301F-11D3-BF4B-00C04F79EFBC}") = "Sip2Client", "Sip2Client.csproj", "{68A0A0ED-1D0D-47FB-9C37-19FC5EADCCD0}"
EndProject
Global
	GlobalSection(SolutionConfigurationPlatforms) = preSolution
		Debug|Any CPU = Debug|Any CPU
		Release|Any CPU = Release|Any CPU
	EndGlobalSection
	GlobalSection(ProjectConfigurationPlatforms) = postSolution
		{68A0A0ED-1D0D-47FB-9C37-19FC5EADCCD0}.Debug|Any CPU.ActiveCfg = Debug|Any CPU
		{68A0A0ED-1D0D-47FB-9C37-19FC5EADCCD0}.Debug|Any CPU.Build.0 = Debug|Any CPU
		{68A0A0ED-1D0D-47FB-9C37-19FC5EADCCD0}.Release|Any CPU.ActiveCfg = Release|Any CPU
		{68A0A0ED-1D0D-47FB-9C37-19FC5EADCCD0}.Release|Any CPU.Build.0 = Release|Any CPU
	EndGlobalSection
	GlobalSection(SolutionProperties) = preSolution
		HideSolutionNode = FALSE
	EndGlobalSection
	GlobalSection(ExtensibilityGlobals) = postSolution
		SolutionGuid = {42893A6E-7ABE-42AB-9669-ADB3B29FCAF7}
	EndGlobalSection
EndGlobal
